
Microsoft Visual Studio Solution File, Format Version 12.00
# Visual Studio Version 16
VisualStudioVersion = 16.0.30114.105
MinimumVisualStudioVersion = 10.0.40219.1
Project("{FAE04EC0-301F-11D3-BF4B-00C04F79EFBC}") = "GrpcGreeter", "GrpcGreeter\GrpcGreeter.csproj", "{E66718B3-4343-4613-AF77-A0A96DF77CC6}"
EndProject
Project("{FAE04EC0-301F-11D3-BF4B-00C04F79EFBC}") = "GrpcGreeterClient", "GrpcGreeterClient\GrpcGreeterClient.csproj", "{6D7C2537-F588-4D49-AAAE-6D04C5EABC6C}"
EndProject
Global
	GlobalSection(SolutionConfigurationPlatforms) = preSolution
		Debug|Any CPU = Debug|Any CPU
		Release|Any CPU = Release|Any CPU
	EndGlobalSection
	GlobalSection(SolutionProperties) = preSolution
		HideSolutionNode = FALSE
	EndGlobalSection
	GlobalSection(ProjectConfigurationPlatforms) = postSolution
		{E66718B3-4343-4613-AF77-A0A96DF77CC6}.Debug|Any CPU.ActiveCfg = Debug|Any CPU
		{E66718B3-4343-4613-AF77-A0A96DF77CC6}.Debug|Any CPU.Build.0 = Debug|Any CPU
		{E66718B3-4343-4613-AF77-A0A96DF77CC6}.Release|Any CPU.ActiveCfg = Release|Any CPU
		{E66718B3-4343-4613-AF77-A0A96DF77CC6}.Release|Any CPU.Build.0 = Release|Any CPU
		{6D7C2537-F588-4D49-AAAE-6D04C5EABC6C}.Debug|Any CPU.ActiveCfg = Debug|Any CPU
		{6D7C2537-F588-4D49-AAAE-6D04C5EABC6C}.Debug|Any CPU.Build.0 = Debug|Any CPU
		{6D7C2537-F588-4D49-AAAE-6D04C5EABC6C}.Release|Any CPU.ActiveCfg = Release|Any CPU
		{6D7C2537-F588-4D49-AAAE-6D04C5EABC6C}.Release|Any CPU.Build.0 = Release|Any CPU
	EndGlobalSection
EndGlobal
